
Microsoft Visual Studio Solution File, Format Version 12.00
# Visual Studio Version 16
VisualStudioVersion = 16.0.31702.278
MinimumVisualStudioVersion = 10.0.40219.1
Project("{FAE04EC0-301F-11D3-BF4B-00C04F79EFBC}") = "Usermanagement_EF_DatabaseFirst", "Usermanagement_EF_DatabaseFirst\Usermanagement_EF_DatabaseFirst.csproj", "{18624940-374D-4091-8618-B17E9944CFCC}"
EndProject
Project("{FAE04EC0-301F-11D3-BF4B-00C04F79EFBC}") = "UserManagement_EF_CodeFirst", "UserManagement_EF_CodeFirst\UserManagement_EF_CodeFirst.csproj", "{5EC2779E-0884-4504-BDAC-D1BBFE26803D}"
EndProject
Global
	GlobalSection(SolutionConfigurationPlatforms) = preSolution
		Debug|Any CPU = Debug|Any CPU
		Release|Any CPU = Release|Any CPU
	EndGlobalSection
	GlobalSection(ProjectConfigurationPlatforms) = postSolution
		{18624940-374D-4091-8618-B17E9944CFCC}.Debug|Any CPU.ActiveCfg = Debug|Any CPU
		{18624940-374D-4091-8618-B17E9944CFCC}.Debug|Any CPU.Build.0 = Debug|Any CPU
		{18624940-374D-4091-8618-B17E9944CFCC}.Release|Any CPU.ActiveCfg = Release|Any CPU
		{18624940-374D-4091-8618-B17E9944CFCC}.Release|Any CPU.Build.0 = Release|Any CPU
		{5EC2779E-0884-4504-BDAC-D1BBFE26803D}.Debug|Any CPU.ActiveCfg = Debug|Any CPU
		{5EC2779E-0884-4504-BDAC-D1BBFE26803D}.Debug|Any CPU.Build.0 = Debug|Any CPU
		{5EC2779E-0884-4504-BDAC-D1BBFE26803D}.Release|Any CPU.ActiveCfg = Release|Any CPU
		{5EC2779E-0884-4504-BDAC-D1BBFE26803D}.Release|Any CPU.Build.0 = Release|Any CPU
	EndGlobalSection
	GlobalSection(SolutionProperties) = preSolution
		HideSolutionNode = FALSE
	EndGlobalSection
	GlobalSection(ExtensibilityGlobals) = postSolution
		SolutionGuid = {9E46449C-7F4F-45C1-8DC7-7734C5664B25}
	EndGlobalSection
EndGlobal
